
Microsoft Visual Studio Solution File, Format Version 12.00
# Visual Studio Version 16
VisualStudioVersion = 16.0.29201.188
MinimumVisualStudioVersion = 10.0.40219.1
Project("{FAE04EC0-301F-11D3-BF4B-00C04F79EFBC}") = "ReferenceVStruct", "ReferenceVStruct\ReferenceVStruct.csproj", "{CAEECB30-759C-4146-B5DE-BA0A64B58966}"
EndProject
Global
	GlobalSection(SolutionConfigurationPlatforms) = preSolution
		Debug|Any CPU = Debug|Any CPU
		Release|Any CPU = Release|Any CPU
	EndGlobalSection
	GlobalSection(ProjectConfigurationPlatforms) = postSolution
		{CAEECB30-759C-4146-B5DE-BA0A64B58966}.Debug|Any CPU.ActiveCfg = Debug|Any CPU
		{CAEECB30-759C-4146-B5DE-BA0A64B58966}.Debug|Any CPU.Build.0 = Debug|Any CPU
		{CAEECB30-759C-4146-B5DE-BA0A64B58966}.Release|Any CPU.ActiveCfg = Release|Any CPU
		{CAEECB30-759C-4146-B5DE-BA0A64B58966}.Release|Any CPU.Build.0 = Release|Any CPU
	EndGlobalSection
	GlobalSection(SolutionProperties) = preSolution
		HideSolutionNode = FALSE
	EndGlobalSection
	GlobalSection(ExtensibilityGlobals) = postSolution
		SolutionGuid = {1E41BDDF-1843-478D-83F5-DA91555E9ACA}
	EndGlobalSection
EndGlobal
